
Microsoft Visual Studio Solution File, Format Version 12.00
# Visual Studio Version 16
VisualStudioVersion = 16.0.32407.337
MinimumVisualStudioVersion = 10.0.40219.1
Project("{FAE04EC0-301F-11D3-BF4B-00C04F79EFBC}") = "ConsoleApp2", "ConsoleApp2\ConsoleApp2.csproj", "{36C84A66-DF31-4650-A1FD-31E8185E452C}"
EndProject
Global
	GlobalSection(SolutionConfigurationPlatforms) = preSolution
		Debug|Any CPU = Debug|Any CPU
		Release|Any CPU = Release|Any CPU
	EndGlobalSection
	GlobalSection(ProjectConfigurationPlatforms) = postSolution
		{36C84A66-DF31-4650-A1FD-31E8185E452C}.Debug|Any CPU.ActiveCfg = Debug|Any CPU
		{36C84A66-DF31-4650-A1FD-31E8185E452C}.Debug|Any CPU.Build.0 = Debug|Any CPU
		{36C84A66-DF31-4650-A1FD-31E8185E452C}.Release|Any CPU.ActiveCfg = Release|Any CPU
		{36C84A66-DF31-4650-A1FD-31E8185E452C}.Release|Any CPU.Build.0 = Release|Any CPU
	EndGlobalSection
	GlobalSection(SolutionProperties) = preSolution
		HideSolutionNode = FALSE
	EndGlobalSection
	GlobalSection(ExtensibilityGlobals) = postSolution
		SolutionGuid = {33FDA52F-0337-4491-8E7B-DEA684B98E7B}
	EndGlobalSection
EndGlobal
